# This file is generated by running "yarn install" inside your project.
# Manual changes might be lost - proceed with caution!

__metadata:
  version: 6

"react-thermal-printer@workspace:.":
  version: 0.0.0-use.local
  resolution: "react-thermal-printer@workspace:."
  languageName: unknown
  linkType: soft
